// !$*UTF8*$!
{
	archiveVersion = 1;
	classes = {
	};
	objectVersion = 51;
	objects = {

/* Begin PBXBuildFile section */
		09E413A86F46888160588CBC /* Pods_ToDoYew.framework in Frameworks */ = {isa = PBXBuildFile; fileRef = 75538A18777612ADA45C8F91 /* Pods_ToDoYew.framework */; };
		D3187F6B22C61C3400B4681F /* item.swift in Sources */ = {isa = PBXBuildFile; fileRef = D3187F6A22C61C3400B4681F /* item.swift */; };
		D3187F6D22C61C4400B4681F /* category.swift in Sources */ = {isa = PBXBuildFile; fileRef = D3187F6C22C61C4300B4681F /* category.swift */; };
		D3276FEC22C0D13800C9AD97 /* AppDelegate.swift in Sources */ = {isa = PBXBuildFile; fileRef = D3276FEB22C0D13800C9AD97 /* AppDelegate.swift */; };
		D3276FEE22C0D13800C9AD97 /* ToDoListViewController.swift in Sources */ = {isa = PBXBuildFile; fileRef = D3276FED22C0D13800C9AD97 /* ToDoListViewController.swift */; };
		D3276FF122C0D13800C9AD97 /* Main.storyboard in Resources */ = {isa = PBXBuildFile; fileRef = D3276FEF22C0D13800C9AD97 /* Main.storyboard */; };
		D3276FF322C0D13A00C9AD97 /* Assets.xcassets in Resources */ = {isa = PBXBuildFile; fileRef = D3276FF222C0D13A00C9AD97 /* Assets.xcassets */; };
		D3276FF622C0D13A00C9AD97 /* LaunchScreen.storyboard in Resources */ = {isa = PBXBuildFile; fileRef = D3276FF422C0D13A00C9AD97 /* LaunchScreen.storyboard */; };
		D3A9208D22C4DA3B0041FA51 /* CategoryViewController.swift in Sources */ = {isa = PBXBuildFile; fileRef = D3A9208C22C4DA3B0041FA51 /* CategoryViewController.swift */; };
/* End PBXBuildFile section */

/* Begin PBXFileReference section */
		1E35747EA34DA52FA3F0FA83 /* Pods-ToDoYew.release.xcconfig */ = {isa = PBXFileReference; includeInIndex = 1; lastKnownFileType = text.xcconfig; name = "Pods-ToDoYew.release.xcconfig"; path = "Target Support Files/Pods-ToDoYew/Pods-ToDoYew.release.xcconfig"; sourceTree = "<group>"; };
		75538A18777612ADA45C8F91 /* Pods_ToDoYew.framework */ = {isa = PBXFileReference; explicitFileType = wrapper.framework; includeInIndex = 0; path = Pods_ToDoYew.framework; sourceTree = BUILT_PRODUCTS_DIR; };
		A5B539963BE9E333B59B5745 /* Pods-ToDoYew.debug.xcconfig */ = {isa = PBXFileReference; includeInIndex = 1; lastKnownFileType = text.xcconfig; name = "Pods-ToDoYew.debug.xcconfig"; path = "Target Support Files/Pods-ToDoYew/Pods-ToDoYew.debug.xcconfig"; sourceTree = "<group>"; };
		D3187F6A22C61C3400B4681F /* item.swift */ = {isa = PBXFileReference; lastKnownFileType = sourcecode.swift; path = item.swift; sourceTree = "<group>"; };
		D3187F6C22C61C4300B4681F /* category.swift */ = {isa = PBXFileReference; lastKnownFileType = sourcecode.swift; path = category.swift; sourceTree = "<group>"; };
		D3276FE822C0D13800C9AD97 /* ToDoYew.app */ = {isa = PBXFileReference; explicitFileType = wrapper.application; includeInIndex = 0; path = ToDoYew.app; sourceTree = BUILT_PRODUCTS_DIR; };
		D3276FEB22C0D13800C9AD97 /* AppDelegate.swift */ = {isa = PBXFileReference; lastKnownFileType = sourcecode.swift; path = AppDelegate.swift; sourceTree = "<group>"; };
		D3276FED22C0D13800C9AD97 /* ToDoListViewController.swift */ = {isa = PBXFileReference; lastKnownFileType = sourcecode.swift; path = ToDoListViewController.swift; sourceTree = "<group>"; };
		D3276FF022C0D13800C9AD97 /* Base */ = {isa = PBXFileReference; lastKnownFileType = file.storyboard; name = Base; path = Base.lproj/Main.storyboard; sourceTree = "<group>"; };
		D3276FF222C0D13A00C9AD97 /* Assets.xcassets */ = {isa = PBXFileReference; lastKnownFileType = folder.assetcatalog; path = Assets.xcassets; sourceTree = "<group>"; };
		D3276FF522C0D13A00C9AD97 /* Base */ = {isa = PBXFileReference; lastKnownFileType = file.storyboard; name = Base; path = Base.lproj/LaunchScreen.storyboard; sourceTree = "<group>"; };
		D3276FF722C0D13A00C9AD97 /* Info.plist */ = {isa = PBXFileReference; lastKnownFileType = text.plist.xml; path = Info.plist; sourceTree = "<group>"; };
		D3A9208C22C4DA3B0041FA51 /* CategoryViewController.swift */ = {isa = PBXFileReference; lastKnownFileType = sourcecode.swift; path = CategoryViewController.swift; sourceTree = "<group>"; };
/* End PBXFileReference section */

/* Begin PBXFrameworksBuildPhase section */
		D3276FE522C0D13800C9AD97 /* Frameworks */ = {
			isa = PBXFrameworksBuildPhase;
			buildActionMask = 2147483647;
			files = (
				09E413A86F46888160588CBC /* Pods_ToDoYew.framework in Frameworks */,
			);
			runOnlyForDeploymentPostprocessing = 0;
		};
/* End PBXFrameworksBuildPhase section */

/* Begin PBXGroup section */
		37C6E3081DCB00CC78B5C541 /* Pods */ = {
			isa = PBXGroup;
			children = (
				A5B539963BE9E333B59B5745 /* Pods-ToDoYew.debug.xcconfig */,
				1E35747EA34DA52FA3F0FA83 /* Pods-ToDoYew.release.xcconfig */,
			);
			path = Pods;
			sourceTree = "<group>";
		};
		4ED0D2943EDC87B0017C081D /* Frameworks */ = {
			isa = PBXGroup;
			children = (
				75538A18777612ADA45C8F91 /* Pods_ToDoYew.framework */,
			);
			name = Frameworks;
			sourceTree = "<group>";
		};
		D3276FDF22C0D13800C9AD97 = {
			isa = PBXGroup;
			children = (
				D3276FEA22C0D13800C9AD97 /* ToDoYew */,
				D3276FE922C0D13800C9AD97 /* Products */,
				37C6E3081DCB00CC78B5C541 /* Pods */,
				4ED0D2943EDC87B0017C081D /* Frameworks */,
			);
			sourceTree = "<group>";
		};
		D3276FE922C0D13800C9AD97 /* Products */ = {
			isa = PBXGroup;
			children = (
				D3276FE822C0D13800C9AD97 /* ToDoYew.app */,
			);
			name = Products;
			sourceTree = "<group>";
		};
		D3276FEA22C0D13800C9AD97 /* ToDoYew */ = {
			isa = PBXGroup;
			children = (
				D3276FEB22C0D13800C9AD97 /* AppDelegate.swift */,
				D3A9827F22C23323000051FC /* Controllers */,
				D39F67E822C2324E002BDD95 /* Data Model */,
				D3A9828022C2332F000051FC /* Views */,
				D3A9828122C2333D000051FC /* Supporting Files */,
				D3276FF722C0D13A00C9AD97 /* Info.plist */,
			);
			path = ToDoYew;
			sourceTree = "<group>";
		};
		D39F67E822C2324E002BDD95 /* Data Model */ = {
			isa = PBXGroup;
			children = (
				D3187F6C22C61C4300B4681F /* category.swift */,
				D3187F6A22C61C3400B4681F /* item.swift */,
			);
			path = "Data Model";
			sourceTree = "<group>";
		};
		D3A9827F22C23323000051FC /* Controllers */ = {
			isa = PBXGroup;
			children = (
				D3A9208C22C4DA3B0041FA51 /* CategoryViewController.swift */,
				D3276FED22C0D13800C9AD97 /* ToDoListViewController.swift */,
			);
			path = Controllers;
			sourceTree = "<group>";
		};
		D3A9828022C2332F000051FC /* Views */ = {
			isa = PBXGroup;
			children = (
				D3276FEF22C0D13800C9AD97 /* Main.storyboard */,
			);
			path = Views;
			sourceTree = "<group>";
		};
		D3A9828122C2333D000051FC /* Supporting Files */ = {
			isa = PBXGroup;
			children = (
				D3276FF222C0D13A00C9AD97 /* Assets.xcassets */,
				D3276FF422C0D13A00C9AD97 /* LaunchScreen.storyboard */,
			);
			path = "Supporting Files";
			sourceTree = "<group>";
		};
/* End PBXGroup section */

/* Begin PBXNativeTarget section */
		D3276FE722C0D13800C9AD97 /* ToDoYew */ = {
			isa = PBXNativeTarget;
			buildConfigurationList = D3276FFA22C0D13A00C9AD97 /* Build configuration list for PBXNativeTarget "ToDoYew" */;
			buildPhases = (
				879A81549DF169BD5A0E1F05 /* [CP] Check Pods Manifest.lock */,
				D3276FE422C0D13800C9AD97 /* Sources */,
				D3276FE522C0D13800C9AD97 /* Frameworks */,
				D3276FE622C0D13800C9AD97 /* Resources */,
				4E36D50391125744DA729818 /* [CP] Embed Pods Frameworks */,
			);
			buildRules = (
			);
			dependencies = (
			);
			name = ToDoYew;
			productName = ToDoYew;
			productReference = D3276FE822C0D13800C9AD97 /* ToDoYew.app */;
			productType = "com.apple.product-type.application";
		};
/* End PBXNativeTarget section */

/* Begin PBXProject section */
		D3276FE022C0D13800C9AD97 /* Project object */ = {
			isa = PBXProject;
			attributes = {
				LastSwiftUpdateCheck = 1020;
				LastUpgradeCheck = 1020;
				ORGANIZATIONNAME = "Ryce Co";
				TargetAttributes = {
					D3276FE722C0D13800C9AD97 = {
						CreatedOnToolsVersion = 10.2.1;
					};
				};
			};
			buildConfigurationList = D3276FE322C0D13800C9AD97 /* Build configuration list for PBXProject "ToDoYew" */;
			compatibilityVersion = "Xcode 9.3";
			developmentRegion = en;
			hasScannedForEncodings = 0;
			knownRegions = (
				en,
				Base,
			);
			mainGroup = D3276FDF22C0D13800C9AD97;
			productRefGroup = D3276FE922C0D13800C9AD97 /* Products */;
			projectDirPath = "";
			projectRoot = "";
			targets = (
				D3276FE722C0D13800C9AD97 /* ToDoYew */,
			);
		};
/* End PBXProject section */

/* Begin PBXResourcesBuildPhase section */
		D3276FE622C0D13800C9AD97 /* Resources */ = {
			isa = PBXResourcesBuildPhase;
			buildActionMask = 2147483647;
			files = (
				D3276FF622C0D13A00C9AD97 /* LaunchScreen.storyboard in Resources */,
				D3276FF322C0D13A00C9AD97 /* Assets.xcassets in Resources */,
				D3276FF122C0D13800C9AD97 /* Main.storyboard in Resources */,
			);
			runOnlyForDeploymentPostprocessing = 0;
		};
/* End PBXResourcesBuildPhase section */

/* Begin PBXShellScriptBuildPhase section */
		4E36D50391125744DA729818 /* [CP] Embed Pods Frameworks */ = {
			isa = PBXShellScriptBuildPhase;
			buildActionMask = 2147483647;
			files = (
			);
			inputFileListPaths = (
				"${PODS_ROOT}/Target Support Files/Pods-ToDoYew/Pods-ToDoYew-frameworks-${CONFIGURATION}-input-files.xcfilelist",
			);
			name = "[CP] Embed Pods Frameworks";
			outputFileListPaths = (
				"${PODS_ROOT}/Target Support Files/Pods-ToDoYew/Pods-ToDoYew-frameworks-${CONFIGURATION}-output-files.xcfilelist",
			);
			runOnlyForDeploymentPostprocessing = 0;
			shellPath = /bin/sh;
			shellScript = "\"${PODS_ROOT}/Target Support Files/Pods-ToDoYew/Pods-ToDoYew-frameworks.sh\"\n";
			showEnvVarsInLog = 0;
		};
		879A81549DF169BD5A0E1F05 /* [CP] Check Pods Manifest.lock */ = {
			isa = PBXShellScriptBuildPhase;
			buildActionMask = 2147483647;
			files = (
			);
			inputFileListPaths = (
			);
			inputPaths = (
				"${PODS_PODFILE_DIR_PATH}/Podfile.lock",
				"${PODS_ROOT}/Manifest.lock",
			);
			name = "[CP] Check Pods Manifest.lock";
			outputFileListPaths = (
			);
			outputPaths = (
				"$(DERIVED_FILE_DIR)/Pods-ToDoYew-checkManifestLockResult.txt",
			);
			runOnlyForDeploymentPostprocessing = 0;
			shellPath = /bin/sh;
			shellScript = "diff \"${PODS_PODFILE_DIR_PATH}/Podfile.lock\" \"${PODS_ROOT}/Manifest.lock\" > /dev/null\nif [ $? != 0 ] ; then\n    # print error to STDERR\n    echo \"error: The sandbox is not in sync with the Podfile.lock. Run 'pod install' or update your CocoaPods installation.\" >&2\n    exit 1\nfi\n# This output is used by Xcode 'outputs' to avoid re-running this script phase.\necho \"SUCCESS\" > \"${SCRIPT_OUTPUT_FILE_0}\"\n";
			showEnvVarsInLog = 0;
		};
/* End PBXShellScriptBuildPhase section */

/* Begin PBXSourcesBuildPhase section */
		D3276FE422C0D13800C9AD97 /* Sources */ = {
			isa = PBXSourcesBuildPhase;
			buildActionMask = 2147483647;
			files = (
				D3A9208D22C4DA3B0041FA51 /* CategoryViewController.swift in Sources */,
				D3187F6D22C61C4400B4681F /* category.swift in Sources */,
				D3276FEE22C0D13800C9AD97 /* ToDoListViewController.swift in Sources */,
				D3187F6B22C61C3400B4681F /* item.swift in Sources */,
				D3276FEC22C0D13800C9AD97 /* AppDelegate.swift in Sources */,
			);
			runOnlyForDeploymentPostprocessing = 0;
		};
/* End PBXSourcesBuildPhase section */

/* Begin PBXVariantGroup section */
		D3276FEF22C0D13800C9AD97 /* Main.storyboard */ = {
			isa = PBXVariantGroup;
			children = (
				D3276FF022C0D13800C9AD97 /* Base */,
			);
			name = Main.storyboard;
			sourceTree = "<group>";
		};
		D3276FF422C0D13A00C9AD97 /* LaunchScreen.storyboard */ = {
			isa = PBXVariantGroup;
			children = (
				D3276FF522C0D13A00C9AD97 /* Base */,
			);
			name = LaunchScreen.storyboard;
			sourceTree = "<group>";
		};
/* End PBXVariantGroup section */

/* Begin XCBuildConfiguration section */
		D3276FF822C0D13A00C9AD97 /* Debug */ = {
			isa = XCBuildConfiguration;
			buildSettings = {
				ALWAYS_SEARCH_USER_PATHS = NO;
				CLANG_ANALYZER_NONNULL = YES;
				CLANG_ANALYZER_NUMBER_OBJECT_CONVERSION = YES_AGGRESSIVE;
				CLANG_CXX_LANGUAGE_STANDARD = "gnu++14";
				CLANG_CXX_LIBRARY = "libc++";
				CLANG_ENABLE_MODULES = YES;
				CLANG_ENABLE_OBJC_ARC = YES;
				CLANG_ENABLE_OBJC_WEAK = YES;
				CLANG_WARN_BLOCK_CAPTURE_AUTORELEASING = YES;
				CLANG_WARN_BOOL_CONVERSION = YES;
				CLANG_WARN_COMMA = YES;
				CLANG_WARN_CONSTANT_CONVERSION = YES;
				CLANG_WARN_DEPRECATED_OBJC_IMPLEMENTATIONS = YES;
				CLANG_WARN_DIRECT_OBJC_ISA_USAGE = YES_ERROR;
				CLANG_WARN_DOCUMENTATION_COMMENTS = YES;
				CLANG_WARN_EMPTY_BODY = YES;
				CLANG_WARN_ENUM_CONVERSION = YES;
				CLANG_WARN_INFINITE_RECURSION = YES;
				CLANG_WARN_INT_CONVERSION = YES;
				CLANG_WARN_NON_LITERAL_NULL_CONVERSION = YES;
				CLANG_WARN_OBJC_IMPLICIT_RETAIN_SELF = YES;
				CLANG_WARN_OBJC_LITERAL_CONVERSION = YES;
				CLANG_WARN_OBJC_ROOT_CLASS = YES_ERROR;
				CLANG_WARN_RANGE_LOOP_ANALYSIS = YES;
				CLANG_WARN_STRICT_PROTOTYPES = YES;
				CLANG_WARN_SUSPICIOUS_MOVE = YES;
				CLANG_WARN_UNGUARDED_AVAILABILITY = YES_AGGRESSIVE;
				CLANG_WARN_UNREACHABLE_CODE = YES;
				CLANG_WARN__DUPLICATE_METHOD_MATCH = YES;
				CODE_SIGN_IDENTITY = "iPhone Developer";
				COPY_PHASE_STRIP = NO;
				DEBUG_INFORMATION_FORMAT = dwarf;
				ENABLE_STRICT_OBJC_MSGSEND = YES;
				ENABLE_TESTABILITY = YES;
				GCC_C_LANGUAGE_STANDARD = gnu11;
				GCC_DYNAMIC_NO_PIC = NO;
				GCC_NO_COMMON_BLOCKS = YES;
				GCC_OPTIMIZATION_LEVEL = 0;
				GCC_PREPROCESSOR_DEFINITIONS = (
					"DEBUG=1",
					"$(inherited)",
				);
				GCC_WARN_64_TO_32_BIT_CONVERSION = YES;
				GCC_WARN_ABOUT_RETURN_TYPE = YES_ERROR;
				GCC_WARN_UNDECLARED_SELECTOR = YES;
				GCC_WARN_UNINITIALIZED_AUTOS = YES_AGGRESSIVE;
				GCC_WARN_UNUSED_FUNCTION = YES;
				GCC_WARN_UNUSED_VARIABLE = YES;
				IPHONEOS_DEPLOYMENT_TARGET = 12.2;
				MTL_ENABLE_DEBUG_INFO = INCLUDE_SOURCE;
				MTL_FAST_MATH = YES;
				ONLY_ACTIVE_ARCH = YES;
				SDKROOT = iphoneos;
				SWIFT_ACTIVE_COMPILATION_CONDITIONS = DEBUG;
				SWIFT_OPTIMIZATION_LEVEL = "-Onone";
			};
			name = Debug;
		};
		D3276FF922C0D13A00C9AD97 /* Release */ = {
			isa = XCBuildConfiguration;
			buildSettings = {
				ALWAYS_SEARCH_USER_PATHS = NO;
				CLANG_ANALYZER_NONNULL = YES;
				CLANG_ANALYZER_NUMBER_OBJECT_CONVERSION = YES_AGGRESSIVE;
				CLANG_CXX_LANGUAGE_STANDARD = "gnu++14";
				CLANG_CXX_LIBRARY = "libc++";
				CLANG_ENABLE_MODULES = YES;
				CLANG_ENABLE_OBJC_ARC = YES;
				CLANG_ENABLE_OBJC_WEAK = YES;
				CLANG_WARN_BLOCK_CAPTURE_AUTORELEASING = YES;
				CLANG_WARN_BOOL_CONVERSION = YES;
				CLANG_WARN_COMMA = YES;
				CLANG_WARN_CONSTANT_CONVERSION = YES;
				CLANG_WARN_DEPRECATED_OBJC_IMPLEMENTATIONS = YES;
				CLANG_WARN_DIRECT_OBJC_ISA_USAGE = YES_ERROR;
				CLANG_WARN_DOCUMENTATION_COMMENTS = YES;
				CLANG_WARN_EMPTY_BODY = YES;
				CLANG_WARN_ENUM_CONVERSION = YES;
				CLANG_WARN_INFINITE_RECURSION = YES;
				CLANG_WARN_INT_CONVERSION = YES;
				CLANG_WARN_NON_LITERAL_NULL_CONVERSION = YES;
				CLANG_WARN_OBJC_IMPLICIT_RETAIN_SELF = YES;
				CLANG_WARN_OBJC_LITERAL_CONVERSION = YES;
				CLANG_WARN_OBJC_ROOT_CLASS = YES_ERROR;
				CLANG_WARN_RANGE_LOOP_ANALYSIS = YES;
				CLANG_WARN_STRICT_PROTOTYPES = YES;
				CLANG_WARN_SUSPICIOUS_MOVE = YES;
				CLANG_WARN_UNGUARDED_AVAILABILITY = YES_AGGRESSIVE;
				CLANG_WARN_UNREACHABLE_CODE = YES;
				CLANG_WARN__DUPLICATE_METHOD_MATCH = YES;
				CODE_SIGN_IDENTITY = "iPhone Developer";
				COPY_PHASE_STRIP = NO;
				DEBUG_INFORMATION_FORMAT = "dwarf-with-dsym";
				ENABLE_NS_ASSERTIONS = NO;
				ENABLE_STRICT_OBJC_MSGSEND = YES;
				GCC_C_LANGUAGE_STANDARD = gnu11;
				GCC_NO_COMMON_BLOCKS = YES;
				GCC_WARN_64_TO_32_BIT_CONVERSION = YES;
				GCC_WARN_ABOUT_RETURN_TYPE = YES_ERROR;
				GCC_WARN_UNDECLARED_SELECTOR = YES;
				GCC_WARN_UNINITIALIZED_AUTOS = YES_AGGRESSIVE;
				GCC_WARN_UNUSED_FUNCTION = YES;
				GCC_WARN_UNUSED_VARIABLE = YES;
				IPHONEOS_DEPLOYMENT_TARGET = 12.2;
				MTL_ENABLE_DEBUG_INFO = NO;
				MTL_FAST_MATH = YES;
				SDKROOT = iphoneos;
				SWIFT_COMPILATION_MODE = wholemodule;
				SWIFT_OPTIMIZATION_LEVEL = "-O";
				VALIDATE_PRODUCT = YES;
			};
			name = Release;
		};
		D3276FFB22C0D13A00C9AD97 /* Debug */ = {
			isa = XCBuildConfiguration;
			baseConfigurationReference = A5B539963BE9E333B59B5745 /* Pods-ToDoYew.debug.xcconfig */;
			buildSettings = {
				ASSETCATALOG_COMPILER_APPICON_NAME = AppIcon;
				CODE_SIGN_STYLE = Automatic;
				DEVELOPMENT_TEAM = UKJQALVC4N;
				INFOPLIST_FILE = ToDoYew/Info.plist;
				LD_RUNPATH_SEARCH_PATHS = (
					"$(inherited)",
					"@executable_path/Frameworks",
				);
				PRODUCT_BUNDLE_IDENTIFIER = com.ryceco.ToDoYew2;
				PRODUCT_NAME = "$(TARGET_NAME)";
				SWIFT_VERSION = 5.0;
				TARGETED_DEVICE_FAMILY = "1,2";
			};
			name = Debug;
		};
		D3276FFC22C0D13A00C9AD97 /* Release */ = {
			isa = XCBuildConfiguration;
			baseConfigurationReference = 1E35747EA34DA52FA3F0FA83 /* Pods-ToDoYew.release.xcconfig */;
			buildSettings = {
				ASSETCATALOG_COMPILER_APPICON_NAME = AppIcon;
				CODE_SIGN_STYLE = Automatic;
				DEVELOPMENT_TEAM = UKJQALVC4N;
				INFOPLIST_FILE = ToDoYew/Info.plist;
				LD_RUNPATH_SEARCH_PATHS = (
					"$(inherited)",
					"@executable_path/Frameworks",
				);
				PRODUCT_BUNDLE_IDENTIFIER = com.ryceco.ToDoYew2;
				PRODUCT_NAME = "$(TARGET_NAME)";
				SWIFT_VERSION = 5.0;
				TARGETED_DEVICE_FAMILY = "1,2";
			};
			name = Release;
		};
/* End XCBuildConfiguration section */

/* Begin XCConfigurationList section */
		D3276FE322C0D13800C9AD97 /* Build configuration list for PBXProject "ToDoYew" */ = {
			isa = XCConfigurationList;
			buildConfigurations = (
				D3276FF822C0D13A00C9AD97 /* Debug */,
				D3276FF922C0D13A00C9AD97 /* Release */,
			);
			defaultConfigurationIsVisible = 0;
			defaultConfigurationName = Release;
		};
		D3276FFA22C0D13A00C9AD97 /* Build configuration list for PBXNativeTarget "ToDoYew" */ = {
			isa = XCConfigurationList;
			buildConfigurations = (
				D3276FFB22C0D13A00C9AD97 /* Debug */,
				D3276FFC22C0D13A00C9AD97 /* Release */,
			);
			defaultConfigurationIsVisible = 0;
			defaultConfigurationName = Release;
		};
/* End XCConfigurationList section */
	};
	rootObject = D3276FE022C0D13800C9AD97 /* Project object */;
}
